
Microsoft Visual Studio Solution File, Format Version 12.00
# Visual Studio 15
VisualStudioVersion = 15.0.26430.13
MinimumVisualStudioVersion = 10.0.40219.1
Project("{FAE04EC0-301F-11D3-BF4B-00C04F79EFBC}") = "Snapsize", "Snapsize\Snapsize.csproj", "{93EAE6AD-8506-4AA5-8E38-F199F23EEF94}"
	ProjectSection(ProjectDependencies) = postProject
		{D702E88E-7684-4C0B-9A50-EDBCD6652A19} = {D702E88E-7684-4C0B-9A50-EDBCD6652A19}
	EndProjectSection
EndProject
Project("{8BC9CEB8-8B4A-11D0-8D11-00A0C91BC942}") = "globalhook", "globalhook\globalhook.vcxproj", "{D702E88E-7684-4C0B-9A50-EDBCD6652A19}"
EndProject
Project("{8BC9CEB8-8B4A-11D0-8D11-00A0C91BC942}") = "globalhook64", "globalhook\globalhook64.vcxproj", "{1CBD761B-784C-4C33-8125-EC238AA72527}"
EndProject
Project("{FAE04EC0-301F-11D3-BF4B-00C04F79EFBC}") = "Snapsize64", "Snapsize\Snapsize64.csproj", "{4B242BF7-E2AB-4695-8ECA-4EB82E076845}"
EndProject
Global
	GlobalSection(SolutionConfigurationPlatforms) = preSolution
		Debug|Any CPU = Debug|Any CPU
		Release|Any CPU = Release|Any CPU
	EndGlobalSection
	GlobalSection(ProjectConfigurationPlatforms) = postSolution
		{93EAE6AD-8506-4AA5-8E38-F199F23EEF94}.Debug|Any CPU.ActiveCfg = Debug|x86
		{93EAE6AD-8506-4AA5-8E38-F199F23EEF94}.Debug|Any CPU.Build.0 = Debug|x86
		{93EAE6AD-8506-4AA5-8E38-F199F23EEF94}.Release|Any CPU.ActiveCfg = Release|x86
		{93EAE6AD-8506-4AA5-8E38-F199F23EEF94}.Release|Any CPU.Build.0 = Release|x86
		{D702E88E-7684-4C0B-9A50-EDBCD6652A19}.Debug|Any CPU.ActiveCfg = Debug|Win32
		{D702E88E-7684-4C0B-9A50-EDBCD6652A19}.Debug|Any CPU.Build.0 = Debug|Win32
		{D702E88E-7684-4C0B-9A50-EDBCD6652A19}.Release|Any CPU.ActiveCfg = Release|Win32
		{D702E88E-7684-4C0B-9A50-EDBCD6652A19}.Release|Any CPU.Build.0 = Release|Win32
		{1CBD761B-784C-4C33-8125-EC238AA72527}.Debug|Any CPU.ActiveCfg = Debug|x64
		{1CBD761B-784C-4C33-8125-EC238AA72527}.Debug|Any CPU.Build.0 = Debug|x64
		{1CBD761B-784C-4C33-8125-EC238AA72527}.Release|Any CPU.ActiveCfg = Release|x64
		{1CBD761B-784C-4C33-8125-EC238AA72527}.Release|Any CPU.Build.0 = Release|x64
		{4B242BF7-E2AB-4695-8ECA-4EB82E076845}.Debug|Any CPU.ActiveCfg = Debug|x64
		{4B242BF7-E2AB-4695-8ECA-4EB82E076845}.Debug|Any CPU.Build.0 = Debug|x64
		{4B242BF7-E2AB-4695-8ECA-4EB82E076845}.Release|Any CPU.ActiveCfg = Release|x64
		{4B242BF7-E2AB-4695-8ECA-4EB82E076845}.Release|Any CPU.Build.0 = Release|x64
	EndGlobalSection
	GlobalSection(SolutionProperties) = preSolution
		HideSolutionNode = FALSE
	EndGlobalSection
EndGlobal
